
Microsoft Visual Studio Solution File, Format Version 12.00
# Visual Studio Version 17
VisualStudioVersion = 17.1.32210.238
MinimumVisualStudioVersion = 10.0.40219.1
Project("{FAE04EC0-301F-11D3-BF4B-00C04F79EFBC}") = "ApiRest", "ApiRest\ApiRest.csproj", "{380A53D3-8B8A-499A-90DE-EB5B9B7114D2}"
EndProject
Global
	GlobalSection(SolutionConfigurationPlatforms) = preSolution
		Debug|Any CPU = Debug|Any CPU
		Release|Any CPU = Release|Any CPU
	EndGlobalSection
	GlobalSection(ProjectConfigurationPlatforms) = postSolution
		{380A53D3-8B8A-499A-90DE-EB5B9B7114D2}.Debug|Any CPU.ActiveCfg = Debug|Any CPU
		{380A53D3-8B8A-499A-90DE-EB5B9B7114D2}.Debug|Any CPU.Build.0 = Debug|Any CPU
		{380A53D3-8B8A-499A-90DE-EB5B9B7114D2}.Release|Any CPU.ActiveCfg = Release|Any CPU
		{380A53D3-8B8A-499A-90DE-EB5B9B7114D2}.Release|Any CPU.Build.0 = Release|Any CPU
	EndGlobalSection
	GlobalSection(SolutionProperties) = preSolution
		HideSolutionNode = FALSE
	EndGlobalSection
	GlobalSection(ExtensibilityGlobals) = postSolution
		SolutionGuid = {5BEDA5CA-4BC3-404C-811D-25E679C5090E}
	EndGlobalSection
EndGlobal
